
Microsoft Visual Studio Solution File, Format Version 12.00
# Visual Studio Version 16
VisualStudioVersion = 16.0.29503.13
MinimumVisualStudioVersion = 10.0.40219.1
Project("{FAE04EC0-301F-11D3-BF4B-00C04F79EFBC}") = "vo.api", "vo.api\vo.api.csproj", "{FBC235D8-C477-4862-B1DF-1A373583C84F}"
EndProject
Project("{FAE04EC0-301F-11D3-BF4B-00C04F79EFBC}") = "vo.models", "vo.models\vo.models.csproj", "{E628E848-B50B-4788-BD3F-36DF88B3DC6E}"
EndProject
Global
	GlobalSection(SolutionConfigurationPlatforms) = preSolution
		Debug|Any CPU = Debug|Any CPU
		Release|Any CPU = Release|Any CPU
	EndGlobalSection
	GlobalSection(ProjectConfigurationPlatforms) = postSolution
		{FBC235D8-C477-4862-B1DF-1A373583C84F}.Debug|Any CPU.ActiveCfg = Debug|Any CPU
		{FBC235D8-C477-4862-B1DF-1A373583C84F}.Debug|Any CPU.Build.0 = Debug|Any CPU
		{FBC235D8-C477-4862-B1DF-1A373583C84F}.Release|Any CPU.ActiveCfg = Release|Any CPU
		{FBC235D8-C477-4862-B1DF-1A373583C84F}.Release|Any CPU.Build.0 = Release|Any CPU
		{E628E848-B50B-4788-BD3F-36DF88B3DC6E}.Debug|Any CPU.ActiveCfg = Debug|Any CPU
		{E628E848-B50B-4788-BD3F-36DF88B3DC6E}.Debug|Any CPU.Build.0 = Debug|Any CPU
		{E628E848-B50B-4788-BD3F-36DF88B3DC6E}.Release|Any CPU.ActiveCfg = Release|Any CPU
		{E628E848-B50B-4788-BD3F-36DF88B3DC6E}.Release|Any CPU.Build.0 = Release|Any CPU
	EndGlobalSection
	GlobalSection(SolutionProperties) = preSolution
		HideSolutionNode = FALSE
	EndGlobalSection
	GlobalSection(ExtensibilityGlobals) = postSolution
		SolutionGuid = {18D817AC-35C6-4140-BDC8-5F2EFA8DD7D7}
	EndGlobalSection
EndGlobal
